
Microsoft Visual Studio Solution File, Format Version 12.00
# Visual Studio Version 16
VisualStudioVersion = 16.0.32228.343
MinimumVisualStudioVersion = 10.0.40219.1
Project("{8BC9CEB8-8B4A-11D0-8D11-00A0C91BC942}") = "project1", "project1\project1.vcxproj", "{13ECBA80-05C1-4ADF-BFDA-8B5908F36377}"
EndProject
Project("{2150E333-8FDC-42A3-9474-1A3956D46DE8}") = "Solution Items", "Solution Items", "{62344892-BF0F-4ED1-B707-1EBACF3BEB76}"
	ProjectSection(SolutionItems) = preProject
		data.txt = data.txt
		generate.py = generate.py
		input.txt = input.txt
		output.txt = output.txt
	EndProjectSection
EndProject
Global
	GlobalSection(SolutionConfigurationPlatforms) = preSolution
		Debug|x64 = Debug|x64
		Debug|x86 = Debug|x86
		Release|x64 = Release|x64
		Release|x86 = Release|x86
	EndGlobalSection
	GlobalSection(ProjectConfigurationPlatforms) = postSolution
		{13ECBA80-05C1-4ADF-BFDA-8B5908F36377}.Debug|x64.ActiveCfg = Debug|x64
		{13ECBA80-05C1-4ADF-BFDA-8B5908F36377}.Debug|x64.Build.0 = Debug|x64
		{13ECBA80-05C1-4ADF-BFDA-8B5908F36377}.Debug|x86.ActiveCfg = Debug|Win32
		{13ECBA80-05C1-4ADF-BFDA-8B5908F36377}.Debug|x86.Build.0 = Debug|Win32
		{13ECBA80-05C1-4ADF-BFDA-8B5908F36377}.Release|x64.ActiveCfg = Release|x64
		{13ECBA80-05C1-4ADF-BFDA-8B5908F36377}.Release|x64.Build.0 = Release|x64
		{13ECBA80-05C1-4ADF-BFDA-8B5908F36377}.Release|x86.ActiveCfg = Release|Win32
		{13ECBA80-05C1-4ADF-BFDA-8B5908F36377}.Release|x86.Build.0 = Release|Win32
	EndGlobalSection
	GlobalSection(SolutionProperties) = preSolution
		HideSolutionNode = FALSE
	EndGlobalSection
	GlobalSection(ExtensibilityGlobals) = postSolution
		SolutionGuid = {F8F8EDF6-CC46-407E-AAB4-B86BD008FB00}
	EndGlobalSection
EndGlobal
